
Microsoft Visual Studio Solution File, Format Version 12.00
Project("{FAE04EC0-301F-11D3-BF4B-00C04F79EFBC}") = "OOPArv", "OOPArv.csproj", "{EAF178F2-B877-4856-8BE6-DBAC3A276B3B}"
EndProject
Global
	GlobalSection(SolutionConfigurationPlatforms) = preSolution
		Debug|Any CPU = Debug|Any CPU
		Release|Any CPU = Release|Any CPU
	EndGlobalSection
	GlobalSection(ProjectConfigurationPlatforms) = postSolution
		{EAF178F2-B877-4856-8BE6-DBAC3A276B3B}.Debug|Any CPU.ActiveCfg = Debug|Any CPU
		{EAF178F2-B877-4856-8BE6-DBAC3A276B3B}.Debug|Any CPU.Build.0 = Debug|Any CPU
		{EAF178F2-B877-4856-8BE6-DBAC3A276B3B}.Release|Any CPU.ActiveCfg = Release|Any CPU
		{EAF178F2-B877-4856-8BE6-DBAC3A276B3B}.Release|Any CPU.Build.0 = Release|Any CPU
	EndGlobalSection
EndGlobal
